PODS:
  - Alertable (0.2.1)
  - Defines (0.3.1)
  - MultiPicker (0.3.0):
    - Permissionable/Photos
  - Permissionable/Core (0.4.2):
    - Alertable
    - Defines
  - Permissionable/Photos (0.4.2):
    - Permissionable/Core

DEPENDENCIES:
  - MultiPicker (from `../`)

EXTERNAL SOURCES:
  MultiPicker:
    :path: ../

SPEC CHECKSUMS:
  Alertable: 8cdfe3415b745bdb343f9509f6e6e9e1ca6c5b28
  Defines: 393edd879b8274df972d3d1b0c6a09980cc9585f
  MultiPicker: ed6ff53636dfeae5a563c978740e5982fc6ed002
  Permissionable: 4fc98ca1b35ac030c0004a1d53fc87bc625aee67

COCOAPODS: 0.39.0
