PODS:
  - Alertable (0.2.1)
  - Backgroundable (0.3.4)
  - Defines (0.3.0)
  - MultiPicker (0.2.0):
    - Permissionable/Photos
  - Permissionable/Core (0.3.1):
    - Alertable
    - Backgroundable
    - Defines
  - Permissionable/Photos (0.3.1):
    - Permissionable/Core

DEPENDENCIES:
  - MultiPicker (from `../`)

EXTERNAL SOURCES:
  MultiPicker:
    :path: "../"

SPEC CHECKSUMS:
  Alertable: 8cdfe3415b745bdb343f9509f6e6e9e1ca6c5b28
  Backgroundable: 56acda5fe96303e5c62f36a13ff8601cc1b52d24
  Defines: 43b157f1abcba4e5f1e9b522cf49be5e44d90be0
  MultiPicker: 8f45e818bfed17bb6b8803cd5af999327d3c0f7a
  Permissionable: 070dd29b9a2d9caf257d03f878f13e86804dc6b1

COCOAPODS: 0.39.0
